
Microsoft Visual Studio Solution File, Format Version 11.00
# Visual Studio 2010
Project("{FAE04EC0-301F-11D3-BF4B-00C04F79EFBC}") = "Actors.Example", "Actors.Example\Actors.Example.csproj", "{A409B86B-6A1D-4DE7-A009-934A97C9F76E}"
EndProject
Project("{FAE04EC0-301F-11D3-BF4B-00C04F79EFBC}") = "Actors", "Actors\Actors.csproj", "{DE4AF7D7-B404-420F-95CC-EB95182B920E}"
EndProject
Project("{FAE04EC0-301F-11D3-BF4B-00C04F79EFBC}") = "Actors.UI", "Actors.UI\Actors.UI.csproj", "{2EEE748D-AEEF-4B1A-8A24-F8FDC40602DA}"
EndProject
Project("{FAE04EC0-301F-11D3-BF4B-00C04F79EFBC}") = "Actors.Exe", "Actors.Console\Actors.Exe.csproj", "{FE25211A-3CB8-41C3-A401-633C8B34903F}"
EndProject
Global
	GlobalSection(SolutionConfigurationPlatforms) = preSolution
		CoreOnly|Any CPU = CoreOnly|Any CPU
		CoreOnly|Mixed Platforms = CoreOnly|Mixed Platforms
		CoreOnly|x86 = CoreOnly|x86
		Debug|Any CPU = Debug|Any CPU
		Debug|Mixed Platforms = Debug|Mixed Platforms
		Debug|x86 = Debug|x86
		iOS|Any CPU = iOS|Any CPU
		iOS|Mixed Platforms = iOS|Mixed Platforms
		iOS|x86 = iOS|x86
		Net20|Any CPU = Net20|Any CPU
		Net20|Mixed Platforms = Net20|Mixed Platforms
		Net20|x86 = Net20|x86
		Profile|Any CPU = Profile|Any CPU
		Profile|Mixed Platforms = Profile|Mixed Platforms
		Profile|x86 = Profile|x86
		Release|Any CPU = Release|Any CPU
		Release|Mixed Platforms = Release|Mixed Platforms
		Release|x86 = Release|x86
		Silverlight2|Any CPU = Silverlight2|Any CPU
		Silverlight2|Mixed Platforms = Silverlight2|Mixed Platforms
		Silverlight2|x86 = Silverlight2|x86
		Unity|Any CPU = Unity|Any CPU
		Unity|Mixed Platforms = Unity|Mixed Platforms
		Unity|x86 = Unity|x86
	EndGlobalSection
	GlobalSection(ProjectConfigurationPlatforms) = postSolution
		{2EEE748D-AEEF-4B1A-8A24-F8FDC40602DA}.CoreOnly|Any CPU.ActiveCfg = Debug|Any CPU
		{2EEE748D-AEEF-4B1A-8A24-F8FDC40602DA}.CoreOnly|Any CPU.Build.0 = Debug|Any CPU
		{2EEE748D-AEEF-4B1A-8A24-F8FDC40602DA}.CoreOnly|Mixed Platforms.ActiveCfg = Release|Any CPU
		{2EEE748D-AEEF-4B1A-8A24-F8FDC40602DA}.CoreOnly|Mixed Platforms.Build.0 = Release|Any CPU
		{2EEE748D-AEEF-4B1A-8A24-F8FDC40602DA}.CoreOnly|x86.ActiveCfg = Release|Any CPU
		{2EEE748D-AEEF-4B1A-8A24-F8FDC40602DA}.CoreOnly|x86.Build.0 = Release|Any CPU
		{2EEE748D-AEEF-4B1A-8A24-F8FDC40602DA}.Debug|Any CPU.ActiveCfg = Debug|Any CPU
		{2EEE748D-AEEF-4B1A-8A24-F8FDC40602DA}.Debug|Any CPU.Build.0 = Debug|Any CPU
		{2EEE748D-AEEF-4B1A-8A24-F8FDC40602DA}.Debug|Mixed Platforms.ActiveCfg = Debug|Any CPU
		{2EEE748D-AEEF-4B1A-8A24-F8FDC40602DA}.Debug|Mixed Platforms.Build.0 = Debug|Any CPU
		{2EEE748D-AEEF-4B1A-8A24-F8FDC40602DA}.Debug|x86.ActiveCfg = Debug|Any CPU
		{2EEE748D-AEEF-4B1A-8A24-F8FDC40602DA}.Debug|x86.Build.0 = Debug|Any CPU
		{2EEE748D-AEEF-4B1A-8A24-F8FDC40602DA}.iOS|Any CPU.ActiveCfg = Debug|Any CPU
		{2EEE748D-AEEF-4B1A-8A24-F8FDC40602DA}.iOS|Any CPU.Build.0 = Debug|Any CPU
		{2EEE748D-AEEF-4B1A-8A24-F8FDC40602DA}.iOS|Mixed Platforms.ActiveCfg = Release|Any CPU
		{2EEE748D-AEEF-4B1A-8A24-F8FDC40602DA}.iOS|Mixed Platforms.Build.0 = Release|Any CPU
		{2EEE748D-AEEF-4B1A-8A24-F8FDC40602DA}.iOS|x86.ActiveCfg = Release|Any CPU
		{2EEE748D-AEEF-4B1A-8A24-F8FDC40602DA}.iOS|x86.Build.0 = Release|Any CPU
		{2EEE748D-AEEF-4B1A-8A24-F8FDC40602DA}.Net20|Any CPU.ActiveCfg = Debug|Any CPU
		{2EEE748D-AEEF-4B1A-8A24-F8FDC40602DA}.Net20|Any CPU.Build.0 = Debug|Any CPU
		{2EEE748D-AEEF-4B1A-8A24-F8FDC40602DA}.Net20|Mixed Platforms.ActiveCfg = Release|Any CPU
		{2EEE748D-AEEF-4B1A-8A24-F8FDC40602DA}.Net20|Mixed Platforms.Build.0 = Release|Any CPU
		{2EEE748D-AEEF-4B1A-8A24-F8FDC40602DA}.Net20|x86.ActiveCfg = Release|Any CPU
		{2EEE748D-AEEF-4B1A-8A24-F8FDC40602DA}.Net20|x86.Build.0 = Release|Any CPU
		{2EEE748D-AEEF-4B1A-8A24-F8FDC40602DA}.Profile|Any CPU.ActiveCfg = Debug|Any CPU
		{2EEE748D-AEEF-4B1A-8A24-F8FDC40602DA}.Profile|Any CPU.Build.0 = Debug|Any CPU
		{2EEE748D-AEEF-4B1A-8A24-F8FDC40602DA}.Profile|Mixed Platforms.ActiveCfg = Release|Any CPU
		{2EEE748D-AEEF-4B1A-8A24-F8FDC40602DA}.Profile|Mixed Platforms.Build.0 = Release|Any CPU
		{2EEE748D-AEEF-4B1A-8A24-F8FDC40602DA}.Profile|x86.ActiveCfg = Release|Any CPU
		{2EEE748D-AEEF-4B1A-8A24-F8FDC40602DA}.Profile|x86.Build.0 = Release|Any CPU
		{2EEE748D-AEEF-4B1A-8A24-F8FDC40602DA}.Release|Any CPU.ActiveCfg = Release|Any CPU
		{2EEE748D-AEEF-4B1A-8A24-F8FDC40602DA}.Release|Any CPU.Build.0 = Release|Any CPU
		{2EEE748D-AEEF-4B1A-8A24-F8FDC40602DA}.Release|Mixed Platforms.ActiveCfg = Release|Any CPU
		{2EEE748D-AEEF-4B1A-8A24-F8FDC40602DA}.Release|Mixed Platforms.Build.0 = Release|Any CPU
		{2EEE748D-AEEF-4B1A-8A24-F8FDC40602DA}.Release|x86.ActiveCfg = Release|Any CPU
		{2EEE748D-AEEF-4B1A-8A24-F8FDC40602DA}.Release|x86.Build.0 = Release|Any CPU
		{2EEE748D-AEEF-4B1A-8A24-F8FDC40602DA}.Silverlight2|Any CPU.ActiveCfg = Debug|Any CPU
		{2EEE748D-AEEF-4B1A-8A24-F8FDC40602DA}.Silverlight2|Any CPU.Build.0 = Debug|Any CPU
		{2EEE748D-AEEF-4B1A-8A24-F8FDC40602DA}.Silverlight2|Mixed Platforms.ActiveCfg = Release|Any CPU
		{2EEE748D-AEEF-4B1A-8A24-F8FDC40602DA}.Silverlight2|Mixed Platforms.Build.0 = Release|Any CPU
		{2EEE748D-AEEF-4B1A-8A24-F8FDC40602DA}.Silverlight2|x86.ActiveCfg = Release|Any CPU
		{2EEE748D-AEEF-4B1A-8A24-F8FDC40602DA}.Silverlight2|x86.Build.0 = Release|Any CPU
		{2EEE748D-AEEF-4B1A-8A24-F8FDC40602DA}.Unity|Any CPU.ActiveCfg = Debug|Any CPU
		{2EEE748D-AEEF-4B1A-8A24-F8FDC40602DA}.Unity|Any CPU.Build.0 = Debug|Any CPU
		{2EEE748D-AEEF-4B1A-8A24-F8FDC40602DA}.Unity|Mixed Platforms.ActiveCfg = Release|Any CPU
		{2EEE748D-AEEF-4B1A-8A24-F8FDC40602DA}.Unity|Mixed Platforms.Build.0 = Release|Any CPU
		{2EEE748D-AEEF-4B1A-8A24-F8FDC40602DA}.Unity|x86.ActiveCfg = Release|Any CPU
		{2EEE748D-AEEF-4B1A-8A24-F8FDC40602DA}.Unity|x86.Build.0 = Release|Any CPU
		{A409B86B-6A1D-4DE7-A009-934A97C9F76E}.CoreOnly|Any CPU.ActiveCfg = Debug|Any CPU
		{A409B86B-6A1D-4DE7-A009-934A97C9F76E}.CoreOnly|Any CPU.Build.0 = Debug|Any CPU
		{A409B86B-6A1D-4DE7-A009-934A97C9F76E}.CoreOnly|Mixed Platforms.ActiveCfg = Release|Any CPU
		{A409B86B-6A1D-4DE7-A009-934A97C9F76E}.CoreOnly|Mixed Platforms.Build.0 = Release|Any CPU
		{A409B86B-6A1D-4DE7-A009-934A97C9F76E}.CoreOnly|x86.ActiveCfg = Release|Any CPU
		{A409B86B-6A1D-4DE7-A009-934A97C9F76E}.CoreOnly|x86.Build.0 = Release|Any CPU
		{A409B86B-6A1D-4DE7-A009-934A97C9F76E}.Debug|Any CPU.ActiveCfg = Debug|Any CPU
		{A409B86B-6A1D-4DE7-A009-934A97C9F76E}.Debug|Any CPU.Build.0 = Debug|Any CPU
		{A409B86B-6A1D-4DE7-A009-934A97C9F76E}.Debug|Mixed Platforms.ActiveCfg = Debug|Any CPU
		{A409B86B-6A1D-4DE7-A009-934A97C9F76E}.Debug|Mixed Platforms.Build.0 = Debug|Any CPU
		{A409B86B-6A1D-4DE7-A009-934A97C9F76E}.Debug|x86.ActiveCfg = Debug|Any CPU
		{A409B86B-6A1D-4DE7-A009-934A97C9F76E}.Debug|x86.Build.0 = Debug|Any CPU
		{A409B86B-6A1D-4DE7-A009-934A97C9F76E}.iOS|Any CPU.ActiveCfg = Debug|Any CPU
		{A409B86B-6A1D-4DE7-A009-934A97C9F76E}.iOS|Any CPU.Build.0 = Debug|Any CPU
		{A409B86B-6A1D-4DE7-A009-934A97C9F76E}.iOS|Mixed Platforms.ActiveCfg = Release|Any CPU
		{A409B86B-6A1D-4DE7-A009-934A97C9F76E}.iOS|Mixed Platforms.Build.0 = Release|Any CPU
		{A409B86B-6A1D-4DE7-A009-934A97C9F76E}.iOS|x86.ActiveCfg = Release|Any CPU
		{A409B86B-6A1D-4DE7-A009-934A97C9F76E}.iOS|x86.Build.0 = Release|Any CPU
		{A409B86B-6A1D-4DE7-A009-934A97C9F76E}.Net20|Any CPU.ActiveCfg = Debug|Any CPU
		{A409B86B-6A1D-4DE7-A009-934A97C9F76E}.Net20|Any CPU.Build.0 = Debug|Any CPU
		{A409B86B-6A1D-4DE7-A009-934A97C9F76E}.Net20|Mixed Platforms.ActiveCfg = Release|Any CPU
		{A409B86B-6A1D-4DE7-A009-934A97C9F76E}.Net20|Mixed Platforms.Build.0 = Release|Any CPU
		{A409B86B-6A1D-4DE7-A009-934A97C9F76E}.Net20|x86.ActiveCfg = Release|Any CPU
		{A409B86B-6A1D-4DE7-A009-934A97C9F76E}.Net20|x86.Build.0 = Release|Any CPU
		{A409B86B-6A1D-4DE7-A009-934A97C9F76E}.Profile|Any CPU.ActiveCfg = Debug|Any CPU
		{A409B86B-6A1D-4DE7-A009-934A97C9F76E}.Profile|Any CPU.Build.0 = Debug|Any CPU
		{A409B86B-6A1D-4DE7-A009-934A97C9F76E}.Profile|Mixed Platforms.ActiveCfg = Release|Any CPU
		{A409B86B-6A1D-4DE7-A009-934A97C9F76E}.Profile|Mixed Platforms.Build.0 = Release|Any CPU
		{A409B86B-6A1D-4DE7-A009-934A97C9F76E}.Profile|x86.ActiveCfg = Release|Any CPU
		{A409B86B-6A1D-4DE7-A009-934A97C9F76E}.Profile|x86.Build.0 = Release|Any CPU
		{A409B86B-6A1D-4DE7-A009-934A97C9F76E}.Release|Any CPU.ActiveCfg = Release|Any CPU
		{A409B86B-6A1D-4DE7-A009-934A97C9F76E}.Release|Any CPU.Build.0 = Release|Any CPU
		{A409B86B-6A1D-4DE7-A009-934A97C9F76E}.Release|Mixed Platforms.ActiveCfg = Release|Any CPU
		{A409B86B-6A1D-4DE7-A009-934A97C9F76E}.Release|Mixed Platforms.Build.0 = Release|Any CPU
		{A409B86B-6A1D-4DE7-A009-934A97C9F76E}.Release|x86.ActiveCfg = Release|Any CPU
		{A409B86B-6A1D-4DE7-A009-934A97C9F76E}.Release|x86.Build.0 = Release|Any CPU
		{A409B86B-6A1D-4DE7-A009-934A97C9F76E}.Silverlight2|Any CPU.ActiveCfg = Debug|Any CPU
		{A409B86B-6A1D-4DE7-A009-934A97C9F76E}.Silverlight2|Any CPU.Build.0 = Debug|Any CPU
		{A409B86B-6A1D-4DE7-A009-934A97C9F76E}.Silverlight2|Mixed Platforms.ActiveCfg = Release|Any CPU
		{A409B86B-6A1D-4DE7-A009-934A97C9F76E}.Silverlight2|Mixed Platforms.Build.0 = Release|Any CPU
		{A409B86B-6A1D-4DE7-A009-934A97C9F76E}.Silverlight2|x86.ActiveCfg = Release|Any CPU
		{A409B86B-6A1D-4DE7-A009-934A97C9F76E}.Silverlight2|x86.Build.0 = Release|Any CPU
		{A409B86B-6A1D-4DE7-A009-934A97C9F76E}.Unity|Any CPU.ActiveCfg = Debug|Any CPU
		{A409B86B-6A1D-4DE7-A009-934A97C9F76E}.Unity|Any CPU.Build.0 = Debug|Any CPU
		{A409B86B-6A1D-4DE7-A009-934A97C9F76E}.Unity|Mixed Platforms.ActiveCfg = Release|Any CPU
		{A409B86B-6A1D-4DE7-A009-934A97C9F76E}.Unity|Mixed Platforms.Build.0 = Release|Any CPU
		{A409B86B-6A1D-4DE7-A009-934A97C9F76E}.Unity|x86.ActiveCfg = Release|Any CPU
		{A409B86B-6A1D-4DE7-A009-934A97C9F76E}.Unity|x86.Build.0 = Release|Any CPU
		{DE4AF7D7-B404-420F-95CC-EB95182B920E}.CoreOnly|Any CPU.ActiveCfg = Debug|Any CPU
		{DE4AF7D7-B404-420F-95CC-EB95182B920E}.CoreOnly|Any CPU.Build.0 = Debug|Any CPU
		{DE4AF7D7-B404-420F-95CC-EB95182B920E}.CoreOnly|Mixed Platforms.ActiveCfg = Release|Any CPU
		{DE4AF7D7-B404-420F-95CC-EB95182B920E}.CoreOnly|Mixed Platforms.Build.0 = Release|Any CPU
		{DE4AF7D7-B404-420F-95CC-EB95182B920E}.CoreOnly|x86.ActiveCfg = Release|Any CPU
		{DE4AF7D7-B404-420F-95CC-EB95182B920E}.CoreOnly|x86.Build.0 = Release|Any CPU
		{DE4AF7D7-B404-420F-95CC-EB95182B920E}.Debug|Any CPU.ActiveCfg = Debug|Any CPU
		{DE4AF7D7-B404-420F-95CC-EB95182B920E}.Debug|Any CPU.Build.0 = Debug|Any CPU
		{DE4AF7D7-B404-420F-95CC-EB95182B920E}.Debug|Mixed Platforms.ActiveCfg = Debug|Any CPU
		{DE4AF7D7-B404-420F-95CC-EB95182B920E}.Debug|Mixed Platforms.Build.0 = Debug|Any CPU
		{DE4AF7D7-B404-420F-95CC-EB95182B920E}.Debug|x86.ActiveCfg = Debug|Any CPU
		{DE4AF7D7-B404-420F-95CC-EB95182B920E}.Debug|x86.Build.0 = Debug|Any CPU
		{DE4AF7D7-B404-420F-95CC-EB95182B920E}.iOS|Any CPU.ActiveCfg = Debug|Any CPU
		{DE4AF7D7-B404-420F-95CC-EB95182B920E}.iOS|Any CPU.Build.0 = Debug|Any CPU
		{DE4AF7D7-B404-420F-95CC-EB95182B920E}.iOS|Mixed Platforms.ActiveCfg = Release|Any CPU
		{DE4AF7D7-B404-420F-95CC-EB95182B920E}.iOS|Mixed Platforms.Build.0 = Release|Any CPU
		{DE4AF7D7-B404-420F-95CC-EB95182B920E}.iOS|x86.ActiveCfg = Release|Any CPU
		{DE4AF7D7-B404-420F-95CC-EB95182B920E}.iOS|x86.Build.0 = Release|Any CPU
		{DE4AF7D7-B404-420F-95CC-EB95182B920E}.Net20|Any CPU.ActiveCfg = Debug|Any CPU
		{DE4AF7D7-B404-420F-95CC-EB95182B920E}.Net20|Any CPU.Build.0 = Debug|Any CPU
		{DE4AF7D7-B404-420F-95CC-EB95182B920E}.Net20|Mixed Platforms.ActiveCfg = Release|Any CPU
		{DE4AF7D7-B404-420F-95CC-EB95182B920E}.Net20|Mixed Platforms.Build.0 = Release|Any CPU
		{DE4AF7D7-B404-420F-95CC-EB95182B920E}.Net20|x86.ActiveCfg = Release|Any CPU
		{DE4AF7D7-B404-420F-95CC-EB95182B920E}.Net20|x86.Build.0 = Release|Any CPU
		{DE4AF7D7-B404-420F-95CC-EB95182B920E}.Profile|Any CPU.ActiveCfg = Debug|Any CPU
		{DE4AF7D7-B404-420F-95CC-EB95182B920E}.Profile|Any CPU.Build.0 = Debug|Any CPU
		{DE4AF7D7-B404-420F-95CC-EB95182B920E}.Profile|Mixed Platforms.ActiveCfg = Release|Any CPU
		{DE4AF7D7-B404-420F-95CC-EB95182B920E}.Profile|Mixed Platforms.Build.0 = Release|Any CPU
		{DE4AF7D7-B404-420F-95CC-EB95182B920E}.Profile|x86.ActiveCfg = Release|Any CPU
		{DE4AF7D7-B404-420F-95CC-EB95182B920E}.Profile|x86.Build.0 = Release|Any CPU
		{DE4AF7D7-B404-420F-95CC-EB95182B920E}.Release|Any CPU.ActiveCfg = Release|Any CPU
		{DE4AF7D7-B404-420F-95CC-EB95182B920E}.Release|Any CPU.Build.0 = Release|Any CPU
		{DE4AF7D7-B404-420F-95CC-EB95182B920E}.Release|Mixed Platforms.ActiveCfg = Release|Any CPU
		{DE4AF7D7-B404-420F-95CC-EB95182B920E}.Release|Mixed Platforms.Build.0 = Release|Any CPU
		{DE4AF7D7-B404-420F-95CC-EB95182B920E}.Release|x86.ActiveCfg = Release|Any CPU
		{DE4AF7D7-B404-420F-95CC-EB95182B920E}.Release|x86.Build.0 = Release|Any CPU
		{DE4AF7D7-B404-420F-95CC-EB95182B920E}.Silverlight2|Any CPU.ActiveCfg = Debug|Any CPU
		{DE4AF7D7-B404-420F-95CC-EB95182B920E}.Silverlight2|Any CPU.Build.0 = Debug|Any CPU
		{DE4AF7D7-B404-420F-95CC-EB95182B920E}.Silverlight2|Mixed Platforms.ActiveCfg = Release|Any CPU
		{DE4AF7D7-B404-420F-95CC-EB95182B920E}.Silverlight2|Mixed Platforms.Build.0 = Release|Any CPU
		{DE4AF7D7-B404-420F-95CC-EB95182B920E}.Silverlight2|x86.ActiveCfg = Release|Any CPU
		{DE4AF7D7-B404-420F-95CC-EB95182B920E}.Silverlight2|x86.Build.0 = Release|Any CPU
		{DE4AF7D7-B404-420F-95CC-EB95182B920E}.Unity|Any CPU.ActiveCfg = Debug|Any CPU
		{DE4AF7D7-B404-420F-95CC-EB95182B920E}.Unity|Any CPU.Build.0 = Debug|Any CPU
		{DE4AF7D7-B404-420F-95CC-EB95182B920E}.Unity|Mixed Platforms.ActiveCfg = Release|Any CPU
		{DE4AF7D7-B404-420F-95CC-EB95182B920E}.Unity|Mixed Platforms.Build.0 = Release|Any CPU
		{DE4AF7D7-B404-420F-95CC-EB95182B920E}.Unity|x86.ActiveCfg = Release|Any CPU
		{DE4AF7D7-B404-420F-95CC-EB95182B920E}.Unity|x86.Build.0 = Release|Any CPU
		{FE25211A-3CB8-41C3-A401-633C8B34903F}.CoreOnly|Any CPU.ActiveCfg = Debug|Any CPU
		{FE25211A-3CB8-41C3-A401-633C8B34903F}.CoreOnly|Any CPU.Build.0 = Debug|Any CPU
		{FE25211A-3CB8-41C3-A401-633C8B34903F}.CoreOnly|Mixed Platforms.ActiveCfg = Release|Any CPU
		{FE25211A-3CB8-41C3-A401-633C8B34903F}.CoreOnly|Mixed Platforms.Build.0 = Release|Any CPU
		{FE25211A-3CB8-41C3-A401-633C8B34903F}.CoreOnly|x86.ActiveCfg = Release|Any CPU
		{FE25211A-3CB8-41C3-A401-633C8B34903F}.CoreOnly|x86.Build.0 = Release|Any CPU
		{FE25211A-3CB8-41C3-A401-633C8B34903F}.Debug|Any CPU.ActiveCfg = Debug|Any CPU
		{FE25211A-3CB8-41C3-A401-633C8B34903F}.Debug|Any CPU.Build.0 = Debug|Any CPU
		{FE25211A-3CB8-41C3-A401-633C8B34903F}.Debug|Mixed Platforms.ActiveCfg = Debug|Any CPU
		{FE25211A-3CB8-41C3-A401-633C8B34903F}.Debug|Mixed Platforms.Build.0 = Debug|Any CPU
		{FE25211A-3CB8-41C3-A401-633C8B34903F}.Debug|x86.ActiveCfg = Debug|Any CPU
		{FE25211A-3CB8-41C3-A401-633C8B34903F}.Debug|x86.Build.0 = Debug|Any CPU
		{FE25211A-3CB8-41C3-A401-633C8B34903F}.iOS|Any CPU.ActiveCfg = Debug|Any CPU
		{FE25211A-3CB8-41C3-A401-633C8B34903F}.iOS|Any CPU.Build.0 = Debug|Any CPU
		{FE25211A-3CB8-41C3-A401-633C8B34903F}.iOS|Mixed Platforms.ActiveCfg = Release|Any CPU
		{FE25211A-3CB8-41C3-A401-633C8B34903F}.iOS|Mixed Platforms.Build.0 = Release|Any CPU
		{FE25211A-3CB8-41C3-A401-633C8B34903F}.iOS|x86.ActiveCfg = Release|Any CPU
		{FE25211A-3CB8-41C3-A401-633C8B34903F}.iOS|x86.Build.0 = Release|Any CPU
		{FE25211A-3CB8-41C3-A401-633C8B34903F}.Net20|Any CPU.ActiveCfg = Debug|Any CPU
		{FE25211A-3CB8-41C3-A401-633C8B34903F}.Net20|Any CPU.Build.0 = Debug|Any CPU
		{FE25211A-3CB8-41C3-A401-633C8B34903F}.Net20|Mixed Platforms.ActiveCfg = Release|Any CPU
		{FE25211A-3CB8-41C3-A401-633C8B34903F}.Net20|Mixed Platforms.Build.0 = Release|Any CPU
		{FE25211A-3CB8-41C3-A401-633C8B34903F}.Net20|x86.ActiveCfg = Release|Any CPU
		{FE25211A-3CB8-41C3-A401-633C8B34903F}.Net20|x86.Build.0 = Release|Any CPU
		{FE25211A-3CB8-41C3-A401-633C8B34903F}.Profile|Any CPU.ActiveCfg = Debug|Any CPU
		{FE25211A-3CB8-41C3-A401-633C8B34903F}.Profile|Any CPU.Build.0 = Debug|Any CPU
		{FE25211A-3CB8-41C3-A401-633C8B34903F}.Profile|Mixed Platforms.ActiveCfg = Release|Any CPU
		{FE25211A-3CB8-41C3-A401-633C8B34903F}.Profile|Mixed Platforms.Build.0 = Release|Any CPU
		{FE25211A-3CB8-41C3-A401-633C8B34903F}.Profile|x86.ActiveCfg = Release|Any CPU
		{FE25211A-3CB8-41C3-A401-633C8B34903F}.Profile|x86.Build.0 = Release|Any CPU
		{FE25211A-3CB8-41C3-A401-633C8B34903F}.Release|Any CPU.ActiveCfg = Release|Any CPU
		{FE25211A-3CB8-41C3-A401-633C8B34903F}.Release|Any CPU.Build.0 = Release|Any CPU
		{FE25211A-3CB8-41C3-A401-633C8B34903F}.Release|Mixed Platforms.ActiveCfg = Release|Any CPU
		{FE25211A-3CB8-41C3-A401-633C8B34903F}.Release|Mixed Platforms.Build.0 = Release|Any CPU
		{FE25211A-3CB8-41C3-A401-633C8B34903F}.Release|x86.ActiveCfg = Release|Any CPU
		{FE25211A-3CB8-41C3-A401-633C8B34903F}.Release|x86.Build.0 = Release|Any CPU
		{FE25211A-3CB8-41C3-A401-633C8B34903F}.Silverlight2|Any CPU.ActiveCfg = Debug|Any CPU
		{FE25211A-3CB8-41C3-A401-633C8B34903F}.Silverlight2|Any CPU.Build.0 = Debug|Any CPU
		{FE25211A-3CB8-41C3-A401-633C8B34903F}.Silverlight2|Mixed Platforms.ActiveCfg = Release|Any CPU
		{FE25211A-3CB8-41C3-A401-633C8B34903F}.Silverlight2|Mixed Platforms.Build.0 = Release|Any CPU
		{FE25211A-3CB8-41C3-A401-633C8B34903F}.Silverlight2|x86.ActiveCfg = Release|Any CPU
		{FE25211A-3CB8-41C3-A401-633C8B34903F}.Silverlight2|x86.Build.0 = Release|Any CPU
		{FE25211A-3CB8-41C3-A401-633C8B34903F}.Unity|Any CPU.ActiveCfg = Debug|Any CPU
		{FE25211A-3CB8-41C3-A401-633C8B34903F}.Unity|Any CPU.Build.0 = Debug|Any CPU
		{FE25211A-3CB8-41C3-A401-633C8B34903F}.Unity|Mixed Platforms.ActiveCfg = Release|Any CPU
		{FE25211A-3CB8-41C3-A401-633C8B34903F}.Unity|Mixed Platforms.Build.0 = Release|Any CPU
		{FE25211A-3CB8-41C3-A401-633C8B34903F}.Unity|x86.ActiveCfg = Release|Any CPU
		{FE25211A-3CB8-41C3-A401-633C8B34903F}.Unity|x86.Build.0 = Release|Any CPU
	EndGlobalSection
	GlobalSection(MonoDevelopProperties) = preSolution
		StartupItem = Actors\Actors.csproj
	EndGlobalSection
	GlobalSection(SolutionProperties) = preSolution
		HideSolutionNode = FALSE
	EndGlobalSection
EndGlobal
