
Microsoft Visual Studio Solution File, Format Version 11.00
# Visual Studio 2010
Project("{FAE04EC0-301F-11D3-BF4B-00C04F79EFBC}") = "Serialization", "Serialization\Serialization.csproj", "{D8A542D9-EF5D-43AB-BAB1-FDD9EF8C0AF9}"
EndProject
Project("{FAE04EC0-301F-11D3-BF4B-00C04F79EFBC}") = "RemoteConsole", "RemoteConsole\RemoteConsole.csproj", "{78A36ABE-5088-4FBE-8194-E2146AF6BDCD}"
EndProject
Project("{FAE04EC0-301F-11D3-BF4B-00C04F79EFBC}") = "Actors", "Actors\Actors.csproj", "{1950C069-77D0-4C52-BA7D-77F713A9C5A0}"
EndProject
Global
	GlobalSection(SolutionConfigurationPlatforms) = preSolution
		Debug|Any CPU = Debug|Any CPU
		Release|Any CPU = Release|Any CPU
		Debug|x86 = Debug|x86
		Release|x86 = Release|x86
		Net20|Any CPU = Net20|Any CPU
		Silverlight2|Any CPU = Silverlight2|Any CPU
		Profile|Any CPU = Profile|Any CPU
		iOS|Any CPU = iOS|Any CPU
		Unity|Any CPU = Unity|Any CPU
		CoreOnly|Any CPU = CoreOnly|Any CPU
	EndGlobalSection
	GlobalSection(ProjectConfigurationPlatforms) = postSolution
		{1950C069-77D0-4C52-BA7D-77F713A9C5A0}.CoreOnly|Any CPU.ActiveCfg = Debug|Any CPU
		{1950C069-77D0-4C52-BA7D-77F713A9C5A0}.CoreOnly|Any CPU.Build.0 = Debug|Any CPU
		{1950C069-77D0-4C52-BA7D-77F713A9C5A0}.Debug|Any CPU.ActiveCfg = Debug|Any CPU
		{1950C069-77D0-4C52-BA7D-77F713A9C5A0}.Debug|Any CPU.Build.0 = Debug|Any CPU
		{1950C069-77D0-4C52-BA7D-77F713A9C5A0}.Debug|x86.ActiveCfg = Debug|Any CPU
		{1950C069-77D0-4C52-BA7D-77F713A9C5A0}.Debug|x86.Build.0 = Debug|Any CPU
		{1950C069-77D0-4C52-BA7D-77F713A9C5A0}.iOS|Any CPU.ActiveCfg = Debug|Any CPU
		{1950C069-77D0-4C52-BA7D-77F713A9C5A0}.iOS|Any CPU.Build.0 = Debug|Any CPU
		{1950C069-77D0-4C52-BA7D-77F713A9C5A0}.Net20|Any CPU.ActiveCfg = Debug|Any CPU
		{1950C069-77D0-4C52-BA7D-77F713A9C5A0}.Net20|Any CPU.Build.0 = Debug|Any CPU
		{1950C069-77D0-4C52-BA7D-77F713A9C5A0}.Profile|Any CPU.ActiveCfg = Debug|Any CPU
		{1950C069-77D0-4C52-BA7D-77F713A9C5A0}.Profile|Any CPU.Build.0 = Debug|Any CPU
		{1950C069-77D0-4C52-BA7D-77F713A9C5A0}.Release|Any CPU.ActiveCfg = Release|Any CPU
		{1950C069-77D0-4C52-BA7D-77F713A9C5A0}.Release|Any CPU.Build.0 = Release|Any CPU
		{1950C069-77D0-4C52-BA7D-77F713A9C5A0}.Release|x86.ActiveCfg = Release|Any CPU
		{1950C069-77D0-4C52-BA7D-77F713A9C5A0}.Release|x86.Build.0 = Release|Any CPU
		{1950C069-77D0-4C52-BA7D-77F713A9C5A0}.Silverlight2|Any CPU.ActiveCfg = Debug|Any CPU
		{1950C069-77D0-4C52-BA7D-77F713A9C5A0}.Silverlight2|Any CPU.Build.0 = Debug|Any CPU
		{1950C069-77D0-4C52-BA7D-77F713A9C5A0}.Unity|Any CPU.ActiveCfg = Debug|Any CPU
		{1950C069-77D0-4C52-BA7D-77F713A9C5A0}.Unity|Any CPU.Build.0 = Debug|Any CPU
		{78A36ABE-5088-4FBE-8194-E2146AF6BDCD}.CoreOnly|Any CPU.ActiveCfg = Debug|Any CPU
		{78A36ABE-5088-4FBE-8194-E2146AF6BDCD}.CoreOnly|Any CPU.Build.0 = Debug|Any CPU
		{78A36ABE-5088-4FBE-8194-E2146AF6BDCD}.Debug|Any CPU.ActiveCfg = Debug|Any CPU
		{78A36ABE-5088-4FBE-8194-E2146AF6BDCD}.Debug|Any CPU.Build.0 = Debug|Any CPU
		{78A36ABE-5088-4FBE-8194-E2146AF6BDCD}.Debug|x86.ActiveCfg = Debug|Any CPU
		{78A36ABE-5088-4FBE-8194-E2146AF6BDCD}.Debug|x86.Build.0 = Debug|Any CPU
		{78A36ABE-5088-4FBE-8194-E2146AF6BDCD}.iOS|Any CPU.ActiveCfg = Debug|Any CPU
		{78A36ABE-5088-4FBE-8194-E2146AF6BDCD}.iOS|Any CPU.Build.0 = Debug|Any CPU
		{78A36ABE-5088-4FBE-8194-E2146AF6BDCD}.Net20|Any CPU.ActiveCfg = Debug|Any CPU
		{78A36ABE-5088-4FBE-8194-E2146AF6BDCD}.Net20|Any CPU.Build.0 = Debug|Any CPU
		{78A36ABE-5088-4FBE-8194-E2146AF6BDCD}.Profile|Any CPU.ActiveCfg = Debug|Any CPU
		{78A36ABE-5088-4FBE-8194-E2146AF6BDCD}.Profile|Any CPU.Build.0 = Debug|Any CPU
		{78A36ABE-5088-4FBE-8194-E2146AF6BDCD}.Release|Any CPU.ActiveCfg = Release|Any CPU
		{78A36ABE-5088-4FBE-8194-E2146AF6BDCD}.Release|Any CPU.Build.0 = Release|Any CPU
		{78A36ABE-5088-4FBE-8194-E2146AF6BDCD}.Release|x86.ActiveCfg = Release|Any CPU
		{78A36ABE-5088-4FBE-8194-E2146AF6BDCD}.Release|x86.Build.0 = Release|Any CPU
		{78A36ABE-5088-4FBE-8194-E2146AF6BDCD}.Silverlight2|Any CPU.ActiveCfg = Debug|Any CPU
		{78A36ABE-5088-4FBE-8194-E2146AF6BDCD}.Silverlight2|Any CPU.Build.0 = Debug|Any CPU
		{78A36ABE-5088-4FBE-8194-E2146AF6BDCD}.Unity|Any CPU.ActiveCfg = Debug|Any CPU
		{78A36ABE-5088-4FBE-8194-E2146AF6BDCD}.Unity|Any CPU.Build.0 = Debug|Any CPU
		{D8A542D9-EF5D-43AB-BAB1-FDD9EF8C0AF9}.CoreOnly|Any CPU.ActiveCfg = Debug|Any CPU
		{D8A542D9-EF5D-43AB-BAB1-FDD9EF8C0AF9}.CoreOnly|Any CPU.Build.0 = Debug|Any CPU
		{D8A542D9-EF5D-43AB-BAB1-FDD9EF8C0AF9}.Debug|Any CPU.ActiveCfg = Debug|Any CPU
		{D8A542D9-EF5D-43AB-BAB1-FDD9EF8C0AF9}.Debug|Any CPU.Build.0 = Debug|Any CPU
		{D8A542D9-EF5D-43AB-BAB1-FDD9EF8C0AF9}.Debug|x86.ActiveCfg = Debug|Any CPU
		{D8A542D9-EF5D-43AB-BAB1-FDD9EF8C0AF9}.Debug|x86.Build.0 = Debug|Any CPU
		{D8A542D9-EF5D-43AB-BAB1-FDD9EF8C0AF9}.iOS|Any CPU.ActiveCfg = Debug|Any CPU
		{D8A542D9-EF5D-43AB-BAB1-FDD9EF8C0AF9}.iOS|Any CPU.Build.0 = Debug|Any CPU
		{D8A542D9-EF5D-43AB-BAB1-FDD9EF8C0AF9}.Net20|Any CPU.ActiveCfg = Debug|Any CPU
		{D8A542D9-EF5D-43AB-BAB1-FDD9EF8C0AF9}.Net20|Any CPU.Build.0 = Debug|Any CPU
		{D8A542D9-EF5D-43AB-BAB1-FDD9EF8C0AF9}.Profile|Any CPU.ActiveCfg = Debug|Any CPU
		{D8A542D9-EF5D-43AB-BAB1-FDD9EF8C0AF9}.Profile|Any CPU.Build.0 = Debug|Any CPU
		{D8A542D9-EF5D-43AB-BAB1-FDD9EF8C0AF9}.Release|Any CPU.ActiveCfg = Release|Any CPU
		{D8A542D9-EF5D-43AB-BAB1-FDD9EF8C0AF9}.Release|Any CPU.Build.0 = Release|Any CPU
		{D8A542D9-EF5D-43AB-BAB1-FDD9EF8C0AF9}.Release|x86.ActiveCfg = Release|Any CPU
		{D8A542D9-EF5D-43AB-BAB1-FDD9EF8C0AF9}.Release|x86.Build.0 = Release|Any CPU
		{D8A542D9-EF5D-43AB-BAB1-FDD9EF8C0AF9}.Silverlight2|Any CPU.ActiveCfg = Debug|Any CPU
		{D8A542D9-EF5D-43AB-BAB1-FDD9EF8C0AF9}.Silverlight2|Any CPU.Build.0 = Debug|Any CPU
		{D8A542D9-EF5D-43AB-BAB1-FDD9EF8C0AF9}.Unity|Any CPU.ActiveCfg = Debug|Any CPU
		{D8A542D9-EF5D-43AB-BAB1-FDD9EF8C0AF9}.Unity|Any CPU.Build.0 = Debug|Any CPU
	EndGlobalSection
	GlobalSection(MonoDevelopProperties) = preSolution
		StartupItem = Actors\Actors.csproj
	EndGlobalSection
	GlobalSection(SolutionProperties) = preSolution
		HideSolutionNode = FALSE
	EndGlobalSection
EndGlobal
